
Microsoft Visual Studio Solution File, Format Version 12.00
# Visual Studio 15
VisualStudioVersion = 15.0.28307.852
MinimumVisualStudioVersion = 10.0.40219.1
Project("{FAE04EC0-301F-11D3-BF4B-00C04F79EFBC}") = "ConsoleAppNetFramework", "ConsoleAppNetFramework\ConsoleAppNetFramework.csproj", "{069ACB70-2020-4C43-B785-13A8924DA216}"
EndProject
Project("{9A19103F-16F7-4668-BE54-9A1E7A4F7556}") = "ConsoleAppNetCore", "ConsoleAppNetCore\ConsoleAppNetCore.csproj", "{42EB9DF6-DE5C-4327-B582-3565AFE3F831}"
EndProject
Project("{FAE04EC0-301F-11D3-BF4B-00C04F79EFBC}") = "QuartzTest", "QuartzTest\QuartzTest.csproj", "{A94B9C12-B539-4C56-AF7E-A648A9ACA592}"
EndProject
Global
	GlobalSection(SolutionConfigurationPlatforms) = preSolution
		Debug|Any CPU = Debug|Any CPU
		Release|Any CPU = Release|Any CPU
	EndGlobalSection
	GlobalSection(ProjectConfigurationPlatforms) = postSolution
		{069ACB70-2020-4C43-B785-13A8924DA216}.Debug|Any CPU.ActiveCfg = Debug|Any CPU
		{069ACB70-2020-4C43-B785-13A8924DA216}.Debug|Any CPU.Build.0 = Debug|Any CPU
		{069ACB70-2020-4C43-B785-13A8924DA216}.Release|Any CPU.ActiveCfg = Release|Any CPU
		{069ACB70-2020-4C43-B785-13A8924DA216}.Release|Any CPU.Build.0 = Release|Any CPU
		{42EB9DF6-DE5C-4327-B582-3565AFE3F831}.Debug|Any CPU.ActiveCfg = Debug|Any CPU
		{42EB9DF6-DE5C-4327-B582-3565AFE3F831}.Debug|Any CPU.Build.0 = Debug|Any CPU
		{42EB9DF6-DE5C-4327-B582-3565AFE3F831}.Release|Any CPU.ActiveCfg = Release|Any CPU
		{42EB9DF6-DE5C-4327-B582-3565AFE3F831}.Release|Any CPU.Build.0 = Release|Any CPU
		{A94B9C12-B539-4C56-AF7E-A648A9ACA592}.Debug|Any CPU.ActiveCfg = Debug|Any CPU
		{A94B9C12-B539-4C56-AF7E-A648A9ACA592}.Debug|Any CPU.Build.0 = Debug|Any CPU
		{A94B9C12-B539-4C56-AF7E-A648A9ACA592}.Release|Any CPU.ActiveCfg = Release|Any CPU
		{A94B9C12-B539-4C56-AF7E-A648A9ACA592}.Release|Any CPU.Build.0 = Release|Any CPU
	EndGlobalSection
	GlobalSection(SolutionProperties) = preSolution
		HideSolutionNode = FALSE
	EndGlobalSection
	GlobalSection(ExtensibilityGlobals) = postSolution
		SolutionGuid = {180C3C40-9436-43E3-BF5B-F6B7AAD12F2A}
	EndGlobalSection
EndGlobal
